// !$*UTF8*$!
{
	archiveVersion = 1;
	classes = {
	};
	objectVersion = 56;
	objects = {

/* Begin PBXBuildFile section */
		4B2528342BDB9C04006F83B2 /* CharacterWeaponGearPage.swift in Sources */ = {isa = PBXBuildFile; fileRef = 4B2528332BDB9C04006F83B2 /* CharacterWeaponGearPage.swift */; };
		4B2528362BE9A0C5006F83B2 /* CharacterWeapon.swift in Sources */ = {isa = PBXBuildFile; fileRef = 4B2528352BE9A0C5006F83B2 /* CharacterWeapon.swift */; };
		4B2528382BED935C006F83B2 /* CharacterWeaponStar1.swift in Sources */ = {isa = PBXBuildFile; fileRef = 4B2528372BED935B006F83B2 /* CharacterWeaponStar1.swift */; };
		4B32350E2B28189200523803 /* WidgetKit.framework in Frameworks */ = {isa = PBXBuildFile; fileRef = 4B32350D2B28189200523803 /* WidgetKit.framework */; };
		4B3235102B28189200523803 /* SwiftUI.framework in Frameworks */ = {isa = PBXBuildFile; fileRef = 4B32350F2B28189200523803 /* SwiftUI.framework */; };
		4B3235132B28189300523803 /* birthdayStudentsBundle.swift in Sources */ = {isa = PBXBuildFile; fileRef = 4B3235122B28189300523803 /* birthdayStudentsBundle.swift */; };
		4B3235172B28189300523803 /* birthdayStudents.swift in Sources */ = {isa = PBXBuildFile; fileRef = 4B3235162B28189300523803 /* birthdayStudents.swift */; };
		4B32351A2B28189500523803 /* Assets.xcassets in Resources */ = {isa = PBXBuildFile; fileRef = 4B3235192B28189500523803 /* Assets.xcassets */; };
		4B32351C2B28189500523803 /* birthdayStudents.intentdefinition in Sources */ = {isa = PBXBuildFile; fileRef = 4B3235182B28189300523803 /* birthdayStudents.intentdefinition */; };
		4B3235202B28189500523803 /* birthdayStudentsExtension.appex in Embed Foundation Extensions */ = {isa = PBXBuildFile; fileRef = 4B32350B2B28189200523803 /* birthdayStudentsExtension.appex */; settings = {ATTRIBUTES = (RemoveHeadersOnCopy, ); }; };
		4B39DE462C7EE7DC008E8DC3 /* LoadSkill.swift in Sources */ = {isa = PBXBuildFile; fileRef = 4B39DE452C7EE7DC008E8DC3 /* LoadSkill.swift */; };
		4B39DE482C7F0C03008E8DC3 /* CharacterGear.swift in Sources */ = {isa = PBXBuildFile; fileRef = 4B39DE472C7F0C03008E8DC3 /* CharacterGear.swift */; };
		4B39DE4A2C84B608008E8DC3 /* CreateElement.swift in Sources */ = {isa = PBXBuildFile; fileRef = 4B39DE492C84B608008E8DC3 /* CreateElement.swift */; };
		4B5FABA32C882A6D0039CA83 /* DownloadFile.swift in Sources */ = {isa = PBXBuildFile; fileRef = 4B5FABA22C882A6D0039CA83 /* DownloadFile.swift */; };
		4B9313022C1AE62B0058B93D /* SwiftFormat in Frameworks */ = {isa = PBXBuildFile; productRef = 4B9313012C1AE62B0058B93D /* SwiftFormat */; };
		4B9ED6BD2B6766F600E5A29E /* CustomTextView.swift in Sources */ = {isa = PBXBuildFile; fileRef = 4B9ED6BC2B6766F600E5A29E /* CustomTextView.swift */; };
		4B9ED6C02B67926300E5A29E /* SwiftSoup in Frameworks */ = {isa = PBXBuildFile; productRef = 4B9ED6BF2B67926300E5A29E /* SwiftSoup */; };
		4B9ED6C32B68A50300E5A29E /* Reachability in Frameworks */ = {isa = PBXBuildFile; productRef = 4B9ED6C22B68A50300E5A29E /* Reachability */; };
		4BB31A902C376D0F004659C8 /* LoadFile.swift in Sources */ = {isa = PBXBuildFile; fileRef = 4BB31A8F2C376D0F004659C8 /* LoadFile.swift */; };
		4BB8FE202B15B8E700946B70 /* CharacterInfo.swift in Sources */ = {isa = PBXBuildFile; fileRef = 4BB8FE1F2B15B8E700946B70 /* CharacterInfo.swift */; };
		4BB8FE242B16FD8300946B70 /* CustomLabel.swift in Sources */ = {isa = PBXBuildFile; fileRef = 4BB8FE232B16FD8300946B70 /* CustomLabel.swift */; };
		4BB8FE282B1710E200946B70 /* CustomImageView.swift in Sources */ = {isa = PBXBuildFile; fileRef = 4BB8FE272B1710E200946B70 /* CustomImageView.swift */; };
		4BB8FE2A2B199CD500946B70 /* CharacterProfilePage.swift in Sources */ = {isa = PBXBuildFile; fileRef = 4BB8FE292B199CD500946B70 /* CharacterProfilePage.swift */; };
		4BCC532B2B1DC50100EE2682 /* CharacterMorePage.swift in Sources */ = {isa = PBXBuildFile; fileRef = 4BCC532A2B1DC50100EE2682 /* CharacterMorePage.swift */; };
		4BCC532F2B1F118400EE2682 /* VoiceCell.swift in Sources */ = {isa = PBXBuildFile; fileRef = 4BCC532E2B1F118400EE2682 /* VoiceCell.swift */; };
		4BDC4B852C492873000C5FB5 /* CharacterWeaponMore.swift in Sources */ = {isa = PBXBuildFile; fileRef = 4BDC4B842C492873000C5FB5 /* CharacterWeaponMore.swift */; };
		4BDC67332B7D861A00940EBD /* CharacterStatusMore.swift in Sources */ = {isa = PBXBuildFile; fileRef = 4BDC67322B7D861A00940EBD /* CharacterStatusMore.swift */; };
		4BDC67372B7DD95100940EBD /* CharacterStatusDelegate.swift in Sources */ = {isa = PBXBuildFile; fileRef = 4BDC67362B7DD95100940EBD /* CharacterStatusDelegate.swift */; };
		4BDC673B2B85689800940EBD /* CustomSlider.swift in Sources */ = {isa = PBXBuildFile; fileRef = 4BDC673A2B85689800940EBD /* CustomSlider.swift */; };
		4BE0603F2B4FC0B3006DF278 /* Setting.swift in Sources */ = {isa = PBXBuildFile; fileRef = 4BE0603E2B4FC0B3006DF278 /* Setting.swift */; };
		4BE060412B4FD320006DF278 /* SettingCharacterSelect.swift in Sources */ = {isa = PBXBuildFile; fileRef = 4BE060402B4FD320006DF278 /* SettingCharacterSelect.swift */; };
		4BE060452B5218EE006DF278 /* MobileCoreServices.framework in Frameworks */ = {isa = PBXBuildFile; fileRef = 4BE060442B5218EE006DF278 /* MobileCoreServices.framework */; };
		4BE060472B5218F8006DF278 /* CoreSpotlight.framework in Frameworks */ = {isa = PBXBuildFile; fileRef = 4BE060462B5218F7006DF278 /* CoreSpotlight.framework */; };
		4BE140C42B70C76D0021912C /* CharacterStatus.swift in Sources */ = {isa = PBXBuildFile; fileRef = 4BE140C32B70C76D0021912C /* CharacterStatus.swift */; };
		4BE140CE2B72F6BC0021912C /* Settings.bundle in Resources */ = {isa = PBXBuildFile; fileRef = 4BE140CD2B72F6BC0021912C /* Settings.bundle */; };
		4BE489442B0DC49B000992B0 /* AppDelegate.swift in Sources */ = {isa = PBXBuildFile; fileRef = 4BE489432B0DC49B000992B0 /* AppDelegate.swift */; };
		4BE489462B0DC49B000992B0 /* SceneDelegate.swift in Sources */ = {isa = PBXBuildFile; fileRef = 4BE489452B0DC49B000992B0 /* SceneDelegate.swift */; };
		4BE489482B0DC49B000992B0 /* ViewController.swift in Sources */ = {isa = PBXBuildFile; fileRef = 4BE489472B0DC49B000992B0 /* ViewController.swift */; };
		4BE4894B2B0DC49B000992B0 /* Main.storyboard in Resources */ = {isa = PBXBuildFile; fileRef = 4BE489492B0DC49B000992B0 /* Main.storyboard */; };
		4BE4894D2B0DC49E000992B0 /* Assets.xcassets in Resources */ = {isa = PBXBuildFile; fileRef = 4BE4894C2B0DC49E000992B0 /* Assets.xcassets */; };
		4BE489502B0DC49E000992B0 /* LaunchScreen.storyboard in Resources */ = {isa = PBXBuildFile; fileRef = 4BE4894E2B0DC49E000992B0 /* LaunchScreen.storyboard */; };
		4BE489582B0DD638000992B0 /* CustomButton.swift in Sources */ = {isa = PBXBuildFile; fileRef = 4BE489572B0DD638000992B0 /* CustomButton.swift */; };
		4BE4895A2B0DE9E3000992B0 /* CharacterSelect.swift in Sources */ = {isa = PBXBuildFile; fileRef = 4BE489592B0DE9E3000992B0 /* CharacterSelect.swift */; };
		4BFC77D62BCF3F470069B248 /* CharacterSkill.swift in Sources */ = {isa = PBXBuildFile; fileRef = 4BFC77D52BCF3F470069B248 /* CharacterSkill.swift */; };
/* End PBXBuildFile section */

/* Begin PBXContainerItemProxy section */
		4B32352A2B28422900523803 /* PBXContainerItemProxy */ = {
			isa = PBXContainerItemProxy;
			containerPortal = 4BE489382B0DC49B000992B0 /* Project object */;
			proxyType = 1;
			remoteGlobalIDString = 4B32350A2B28189200523803;
			remoteInfo = birthdayStudentsExtension;
		};
/* End PBXContainerItemProxy section */

/* Begin PBXCopyFilesBuildPhase section */
		4B3235242B28189500523803 /* Embed Foundation Extensions */ = {
			isa = PBXCopyFilesBuildPhase;
			buildActionMask = 2147483647;
			dstPath = "";
			dstSubfolderSpec = 13;
			files = (
				4B3235202B28189500523803 /* birthdayStudentsExtension.appex in Embed Foundation Extensions */,
			);
			name = "Embed Foundation Extensions";
			runOnlyForDeploymentPostprocessing = 0;
		};
/* End PBXCopyFilesBuildPhase section */

/* Begin PBXFileReference section */
		4B2528332BDB9C04006F83B2 /* CharacterWeaponGearPage.swift */ = {isa = PBXFileReference; lastKnownFileType = sourcecode.swift; path = CharacterWeaponGearPage.swift; sourceTree = "<group>"; };
		4B2528352BE9A0C5006F83B2 /* CharacterWeapon.swift */ = {isa = PBXFileReference; lastKnownFileType = sourcecode.swift; path = CharacterWeapon.swift; sourceTree = "<group>"; };
		4B2528372BED935B006F83B2 /* CharacterWeaponStar1.swift */ = {isa = PBXFileReference; lastKnownFileType = sourcecode.swift; path = CharacterWeaponStar1.swift; sourceTree = "<group>"; };
		4B32350B2B28189200523803 /* birthdayStudentsExtension.appex */ = {isa = PBXFileReference; explicitFileType = "wrapper.app-extension"; includeInIndex = 0; path = birthdayStudentsExtension.appex; sourceTree = BUILT_PRODUCTS_DIR; };
		4B32350D2B28189200523803 /* WidgetKit.framework */ = {isa = PBXFileReference; lastKnownFileType = wrapper.framework; name = WidgetKit.framework; path = System/Library/Frameworks/WidgetKit.framework; sourceTree = SDKROOT; };
		4B32350F2B28189200523803 /* SwiftUI.framework */ = {isa = PBXFileReference; lastKnownFileType = wrapper.framework; name = SwiftUI.framework; path = System/Library/Frameworks/SwiftUI.framework; sourceTree = SDKROOT; };
		4B3235122B28189300523803 /* birthdayStudentsBundle.swift */ = {isa = PBXFileReference; lastKnownFileType = sourcecode.swift; path = birthdayStudentsBundle.swift; sourceTree = "<group>"; };
		4B3235162B28189300523803 /* birthdayStudents.swift */ = {isa = PBXFileReference; lastKnownFileType = sourcecode.swift; path = birthdayStudents.swift; sourceTree = "<group>"; };
		4B3235182B28189300523803 /* birthdayStudents.intentdefinition */ = {isa = PBXFileReference; lastKnownFileType = file.intentdefinition; path = birthdayStudents.intentdefinition; sourceTree = "<group>"; };
		4B3235192B28189500523803 /* Assets.xcassets */ = {isa = PBXFileReference; lastKnownFileType = folder.assetcatalog; path = Assets.xcassets; sourceTree = "<group>"; };
		4B32351B2B28189500523803 /* Info.plist */ = {isa = PBXFileReference; lastKnownFileType = text.plist.xml; path = Info.plist; sourceTree = "<group>"; };
		4B39DE452C7EE7DC008E8DC3 /* LoadSkill.swift */ = {isa = PBXFileReference; lastKnownFileType = sourcecode.swift; path = LoadSkill.swift; sourceTree = "<group>"; };
		4B39DE472C7F0C03008E8DC3 /* CharacterGear.swift */ = {isa = PBXFileReference; lastKnownFileType = sourcecode.swift; path = CharacterGear.swift; sourceTree = "<group>"; };
		4B39DE492C84B608008E8DC3 /* CreateElement.swift */ = {isa = PBXFileReference; lastKnownFileType = sourcecode.swift; path = CreateElement.swift; sourceTree = "<group>"; };
		4B5FABA22C882A6D0039CA83 /* DownloadFile.swift */ = {isa = PBXFileReference; lastKnownFileType = sourcecode.swift; path = DownloadFile.swift; sourceTree = "<group>"; };
		4B9ED6BC2B6766F600E5A29E /* CustomTextView.swift */ = {isa = PBXFileReference; lastKnownFileType = sourcecode.swift; path = CustomTextView.swift; sourceTree = "<group>"; };
		4BB31A8F2C376D0F004659C8 /* LoadFile.swift */ = {isa = PBXFileReference; lastKnownFileType = sourcecode.swift; path = LoadFile.swift; sourceTree = "<group>"; };
		4BB8FE1F2B15B8E700946B70 /* CharacterInfo.swift */ = {isa = PBXFileReference; lastKnownFileType = sourcecode.swift; path = CharacterInfo.swift; sourceTree = "<group>"; };
		4BB8FE232B16FD8300946B70 /* CustomLabel.swift */ = {isa = PBXFileReference; lastKnownFileType = sourcecode.swift; path = CustomLabel.swift; sourceTree = "<group>"; };
		4BB8FE272B1710E200946B70 /* CustomImageView.swift */ = {isa = PBXFileReference; lastKnownFileType = sourcecode.swift; path = CustomImageView.swift; sourceTree = "<group>"; };
		4BB8FE292B199CD500946B70 /* CharacterProfilePage.swift */ = {isa = PBXFileReference; lastKnownFileType = sourcecode.swift; path = CharacterProfilePage.swift; sourceTree = "<group>"; };
		4BCC532A2B1DC50100EE2682 /* CharacterMorePage.swift */ = {isa = PBXFileReference; lastKnownFileType = sourcecode.swift; path = CharacterMorePage.swift; sourceTree = "<group>"; };
		4BCC532E2B1F118400EE2682 /* VoiceCell.swift */ = {isa = PBXFileReference; lastKnownFileType = sourcecode.swift; path = VoiceCell.swift; sourceTree = "<group>"; };
		4BDC4B842C492873000C5FB5 /* CharacterWeaponMore.swift */ = {isa = PBXFileReference; lastKnownFileType = sourcecode.swift; path = CharacterWeaponMore.swift; sourceTree = "<group>"; };
		4BDC67322B7D861A00940EBD /* CharacterStatusMore.swift */ = {isa = PBXFileReference; lastKnownFileType = sourcecode.swift; path = CharacterStatusMore.swift; sourceTree = "<group>"; };
		4BDC67362B7DD95100940EBD /* CharacterStatusDelegate.swift */ = {isa = PBXFileReference; lastKnownFileType = sourcecode.swift; path = CharacterStatusDelegate.swift; sourceTree = "<group>"; };
		4BDC673A2B85689800940EBD /* CustomSlider.swift */ = {isa = PBXFileReference; lastKnownFileType = sourcecode.swift; path = CustomSlider.swift; sourceTree = "<group>"; };
		4BE0603E2B4FC0B3006DF278 /* Setting.swift */ = {isa = PBXFileReference; lastKnownFileType = sourcecode.swift; path = Setting.swift; sourceTree = "<group>"; };
		4BE060402B4FD320006DF278 /* SettingCharacterSelect.swift */ = {isa = PBXFileReference; lastKnownFileType = sourcecode.swift; path = SettingCharacterSelect.swift; sourceTree = "<group>"; };
		4BE060442B5218EE006DF278 /* MobileCoreServices.framework */ = {isa = PBXFileReference; lastKnownFileType = wrapper.framework; name = MobileCoreServices.framework; path = System/Library/Frameworks/MobileCoreServices.framework; sourceTree = SDKROOT; };
		4BE060462B5218F7006DF278 /* CoreSpotlight.framework */ = {isa = PBXFileReference; lastKnownFileType = wrapper.framework; name = CoreSpotlight.framework; path = System/Library/Frameworks/CoreSpotlight.framework; sourceTree = SDKROOT; };
		4BE140C32B70C76D0021912C /* CharacterStatus.swift */ = {isa = PBXFileReference; lastKnownFileType = sourcecode.swift; path = CharacterStatus.swift; sourceTree = "<group>"; };
		4BE140CD2B72F6BC0021912C /* Settings.bundle */ = {isa = PBXFileReference; lastKnownFileType = "wrapper.plug-in"; path = Settings.bundle; sourceTree = "<group>"; };
		4BE489402B0DC49B000992B0 /* BlueArchiveDB.app */ = {isa = PBXFileReference; explicitFileType = wrapper.application; includeInIndex = 0; path = BlueArchiveDB.app; sourceTree = BUILT_PRODUCTS_DIR; };
		4BE489432B0DC49B000992B0 /* AppDelegate.swift */ = {isa = PBXFileReference; lastKnownFileType = sourcecode.swift; path = AppDelegate.swift; sourceTree = "<group>"; };
		4BE489452B0DC49B000992B0 /* SceneDelegate.swift */ = {isa = PBXFileReference; lastKnownFileType = sourcecode.swift; path = SceneDelegate.swift; sourceTree = "<group>"; };
		4BE489472B0DC49B000992B0 /* ViewController.swift */ = {isa = PBXFileReference; lastKnownFileType = sourcecode.swift; path = ViewController.swift; sourceTree = "<group>"; };
		4BE4894A2B0DC49B000992B0 /* Base */ = {isa = PBXFileReference; lastKnownFileType = file.storyboard; name = Base; path = Base.lproj/Main.storyboard; sourceTree = "<group>"; };
		4BE4894C2B0DC49E000992B0 /* Assets.xcassets */ = {isa = PBXFileReference; lastKnownFileType = folder.assetcatalog; path = Assets.xcassets; sourceTree = "<group>"; };
		4BE4894F2B0DC49E000992B0 /* Base */ = {isa = PBXFileReference; lastKnownFileType = file.storyboard; name = Base; path = Base.lproj/LaunchScreen.storyboard; sourceTree = "<group>"; };
		4BE489512B0DC49E000992B0 /* Info.plist */ = {isa = PBXFileReference; lastKnownFileType = text.plist.xml; path = Info.plist; sourceTree = "<group>"; };
		4BE489572B0DD638000992B0 /* CustomButton.swift */ = {isa = PBXFileReference; lastKnownFileType = sourcecode.swift; path = CustomButton.swift; sourceTree = "<group>"; };
		4BE489592B0DE9E3000992B0 /* CharacterSelect.swift */ = {isa = PBXFileReference; lastKnownFileType = sourcecode.swift; path = CharacterSelect.swift; sourceTree = "<group>"; };
		4BFC77D52BCF3F470069B248 /* CharacterSkill.swift */ = {isa = PBXFileReference; lastKnownFileType = sourcecode.swift; path = CharacterSkill.swift; sourceTree = "<group>"; };
/* End PBXFileReference section */

/* Begin PBXFrameworksBuildPhase section */
		4B3235082B28189200523803 /* Frameworks */ = {
			isa = PBXFrameworksBuildPhase;
			buildActionMask = 2147483647;
			files = (
				4B3235102B28189200523803 /* SwiftUI.framework in Frameworks */,
				4B32350E2B28189200523803 /* WidgetKit.framework in Frameworks */,
			);
			runOnlyForDeploymentPostprocessing = 0;
		};
		4BE4893D2B0DC49B000992B0 /* Frameworks */ = {
			isa = PBXFrameworksBuildPhase;
			buildActionMask = 2147483647;
			files = (
				4BE060472B5218F8006DF278 /* CoreSpotlight.framework in Frameworks */,
				4B9313022C1AE62B0058B93D /* SwiftFormat in Frameworks */,
				4B9ED6C32B68A50300E5A29E /* Reachability in Frameworks */,
				4BE060452B5218EE006DF278 /* MobileCoreServices.framework in Frameworks */,
				4B9ED6C02B67926300E5A29E /* SwiftSoup in Frameworks */,
			);
			runOnlyForDeploymentPostprocessing = 0;
		};
/* End PBXFrameworksBuildPhase section */

/* Begin PBXGroup section */
		4B2528392BED94E3006F83B2 /* Protocol */ = {
			isa = PBXGroup;
			children = (
				4BDC67362B7DD95100940EBD /* CharacterStatusDelegate.swift */,
			);
			path = Protocol;
			sourceTree = "<group>";
		};
		4B32350C2B28189200523803 /* Frameworks */ = {
			isa = PBXGroup;
			children = (
				4BE060462B5218F7006DF278 /* CoreSpotlight.framework */,
				4BE060442B5218EE006DF278 /* MobileCoreServices.framework */,
				4B32350D2B28189200523803 /* WidgetKit.framework */,
				4B32350F2B28189200523803 /* SwiftUI.framework */,
			);
			name = Frameworks;
			sourceTree = "<group>";
		};
		4B3235112B28189300523803 /* birthdayStudents */ = {
			isa = PBXGroup;
			children = (
				4B3235122B28189300523803 /* birthdayStudentsBundle.swift */,
				4B3235162B28189300523803 /* birthdayStudents.swift */,
				4B3235182B28189300523803 /* birthdayStudents.intentdefinition */,
				4B3235192B28189500523803 /* Assets.xcassets */,
				4B32351B2B28189500523803 /* Info.plist */,
			);
			path = birthdayStudents;
			sourceTree = "<group>";
		};
		4B39DE442C7EE7AB008E8DC3 /* Util */ = {
			isa = PBXGroup;
			children = (
				4BB31A8F2C376D0F004659C8 /* LoadFile.swift */,
				4B39DE452C7EE7DC008E8DC3 /* LoadSkill.swift */,
				4B39DE492C84B608008E8DC3 /* CreateElement.swift */,
				4B5FABA22C882A6D0039CA83 /* DownloadFile.swift */,
			);
			path = Util;
			sourceTree = "<group>";
		};
		4B7AB7EE2B985ADF001409D1 /* Views */ = {
			isa = PBXGroup;
			children = (
				4BE489472B0DC49B000992B0 /* ViewController.swift */,
				4BE0603E2B4FC0B3006DF278 /* Setting.swift */,
				4BE060402B4FD320006DF278 /* SettingCharacterSelect.swift */,
				4BE489592B0DE9E3000992B0 /* CharacterSelect.swift */,
				4BB8FE1F2B15B8E700946B70 /* CharacterInfo.swift */,
				4BB8FE292B199CD500946B70 /* CharacterProfilePage.swift */,
				4BE140C32B70C76D0021912C /* CharacterStatus.swift */,
				4BDC67322B7D861A00940EBD /* CharacterStatusMore.swift */,
				4BCC532A2B1DC50100EE2682 /* CharacterMorePage.swift */,
				4BFC77D52BCF3F470069B248 /* CharacterSkill.swift */,
				4B2528332BDB9C04006F83B2 /* CharacterWeaponGearPage.swift */,
				4B2528352BE9A0C5006F83B2 /* CharacterWeapon.swift */,
				4B2528372BED935B006F83B2 /* CharacterWeaponStar1.swift */,
				4BDC4B842C492873000C5FB5 /* CharacterWeaponMore.swift */,
				4B39DE472C7F0C03008E8DC3 /* CharacterGear.swift */,
			);
			path = Views;
			sourceTree = "<group>";
		};
		4B7AB7EF2B985BBB001409D1 /* CustomClass */ = {
			isa = PBXGroup;
			children = (
				4BDC673A2B85689800940EBD /* CustomSlider.swift */,
				4BE489572B0DD638000992B0 /* CustomButton.swift */,
				4BCC532E2B1F118400EE2682 /* VoiceCell.swift */,
				4BB8FE232B16FD8300946B70 /* CustomLabel.swift */,
				4B9ED6BC2B6766F600E5A29E /* CustomTextView.swift */,
				4BB8FE272B1710E200946B70 /* CustomImageView.swift */,
			);
			path = CustomClass;
			sourceTree = "<group>";
		};
		4BE489372B0DC49B000992B0 = {
			isa = PBXGroup;
			children = (
				4BE140CD2B72F6BC0021912C /* Settings.bundle */,
				4BE489422B0DC49B000992B0 /* BlueArchiveDB */,
				4B3235112B28189300523803 /* birthdayStudents */,
				4B32350C2B28189200523803 /* Frameworks */,
				4BE489412B0DC49B000992B0 /* Products */,
			);
			sourceTree = "<group>";
		};
		4BE489412B0DC49B000992B0 /* Products */ = {
			isa = PBXGroup;
			children = (
				4BE489402B0DC49B000992B0 /* BlueArchiveDB.app */,
				4B32350B2B28189200523803 /* birthdayStudentsExtension.appex */,
			);
			name = Products;
			sourceTree = "<group>";
		};
		4BE489422B0DC49B000992B0 /* BlueArchiveDB */ = {
			isa = PBXGroup;
			children = (
				4B39DE442C7EE7AB008E8DC3 /* Util */,
				4BE489432B0DC49B000992B0 /* AppDelegate.swift */,
				4BE489452B0DC49B000992B0 /* SceneDelegate.swift */,
				4BE489492B0DC49B000992B0 /* Main.storyboard */,
				4B7AB7EE2B985ADF001409D1 /* Views */,
				4B7AB7EF2B985BBB001409D1 /* CustomClass */,
				4BE4894C2B0DC49E000992B0 /* Assets.xcassets */,
				4BE4894E2B0DC49E000992B0 /* LaunchScreen.storyboard */,
				4BE489512B0DC49E000992B0 /* Info.plist */,
				4B2528392BED94E3006F83B2 /* Protocol */,
			);
			path = BlueArchiveDB;
			sourceTree = "<group>";
		};
/* End PBXGroup section */

/* Begin PBXNativeTarget section */
		4B32350A2B28189200523803 /* birthdayStudentsExtension */ = {
			isa = PBXNativeTarget;
			buildConfigurationList = 4B3235212B28189500523803 /* Build configuration list for PBXNativeTarget "birthdayStudentsExtension" */;
			buildPhases = (
				4B3235072B28189200523803 /* Sources */,
				4B3235082B28189200523803 /* Frameworks */,
				4B3235092B28189200523803 /* Resources */,
			);
			buildRules = (
			);
			dependencies = (
			);
			name = birthdayStudentsExtension;
			productName = birthdayStudentsExtension;
			productReference = 4B32350B2B28189200523803 /* birthdayStudentsExtension.appex */;
			productType = "com.apple.product-type.app-extension";
		};
		4BE4893F2B0DC49B000992B0 /* BlueArchiveDB */ = {
			isa = PBXNativeTarget;
			buildConfigurationList = 4BE489542B0DC49E000992B0 /* Build configuration list for PBXNativeTarget "BlueArchiveDB" */;
			buildPhases = (
				4BE4893C2B0DC49B000992B0 /* Sources */,
				4BE4893D2B0DC49B000992B0 /* Frameworks */,
				4BE4893E2B0DC49B000992B0 /* Resources */,
				4B3235242B28189500523803 /* Embed Foundation Extensions */,
				4BE140D12B72FC7F0021912C /* ShellScript */,
				4B7D34CC2C51CD9B007AA346 /* ShellScript */,
			);
			buildRules = (
			);
			dependencies = (
				4B32352B2B28422900523803 /* PBXTargetDependency */,
			);
			name = BlueArchiveDB;
			packageProductDependencies = (
				4B9ED6BF2B67926300E5A29E /* SwiftSoup */,
				4B9ED6C22B68A50300E5A29E /* Reachability */,
				4B9313012C1AE62B0058B93D /* SwiftFormat */,
			);
			productName = "BlueArchive Database";
			productReference = 4BE489402B0DC49B000992B0 /* BlueArchiveDB.app */;
			productType = "com.apple.product-type.application";
		};
/* End PBXNativeTarget section */

/* Begin PBXProject section */
		4BE489382B0DC49B000992B0 /* Project object */ = {
			isa = PBXProject;
			attributes = {
				BuildIndependentTargetsInParallel = 1;
				LastSwiftUpdateCheck = 1430;
				LastUpgradeCheck = 1430;
				TargetAttributes = {
					4B32350A2B28189200523803 = {
						CreatedOnToolsVersion = 14.3.1;
					};
					4BE4893F2B0DC49B000992B0 = {
						CreatedOnToolsVersion = 14.3.1;
					};
				};
			};
			buildConfigurationList = 4BE4893B2B0DC49B000992B0 /* Build configuration list for PBXProject "BlueArchiveDB" */;
			compatibilityVersion = "Xcode 14.0";
			developmentRegion = en;
			hasScannedForEncodings = 0;
			knownRegions = (
				en,
				Base,
			);
			mainGroup = 4BE489372B0DC49B000992B0;
			packageReferences = (
				4B9ED6BE2B67926300E5A29E /* XCRemoteSwiftPackageReference "SwiftSoup" */,
				4B9ED6C12B68A50300E5A29E /* XCRemoteSwiftPackageReference "Reachability" */,
				4B9313002C1AE62B0058B93D /* XCRemoteSwiftPackageReference "SwiftFormat" */,
			);
			productRefGroup = 4BE489412B0DC49B000992B0 /* Products */;
			projectDirPath = "";
			projectRoot = "";
			targets = (
				4BE4893F2B0DC49B000992B0 /* BlueArchiveDB */,
				4B32350A2B28189200523803 /* birthdayStudentsExtension */,
			);
		};
/* End PBXProject section */

/* Begin PBXResourcesBuildPhase section */
		4B3235092B28189200523803 /* Resources */ = {
			isa = PBXResourcesBuildPhase;
			buildActionMask = 2147483647;
			files = (
				4B32351A2B28189500523803 /* Assets.xcassets in Resources */,
			);
			runOnlyForDeploymentPostprocessing = 0;
		};
		4BE4893E2B0DC49B000992B0 /* Resources */ = {
			isa = PBXResourcesBuildPhase;
			buildActionMask = 2147483647;
			files = (
				4BE140CE2B72F6BC0021912C /* Settings.bundle in Resources */,
				4BE489502B0DC49E000992B0 /* LaunchScreen.storyboard in Resources */,
				4BE4894D2B0DC49E000992B0 /* Assets.xcassets in Resources */,
				4BE4894B2B0DC49B000992B0 /* Main.storyboard in Resources */,
			);
			runOnlyForDeploymentPostprocessing = 0;
		};
/* End PBXResourcesBuildPhase section */

/* Begin PBXShellScriptBuildPhase section */
		4B7D34CC2C51CD9B007AA346 /* ShellScript */ = {
			isa = PBXShellScriptBuildPhase;
			buildActionMask = 2147483647;
			files = (
			);
			inputFileListPaths = (
			);
			inputPaths = (
			);
			outputFileListPaths = (
			);
			outputPaths = (
			);
			runOnlyForDeploymentPostprocessing = 0;
			shellPath = /bin/sh;
			shellScript = "# Type a script or drag a script file from your workspace to insert its path.\nbuildNumber=$(date \"+%Y.%m.%d %H:%M\")\n/usr/libexec/PlistBuddy -c \"Set :CFBundleVersion $buildNumber\" \"${TARGET_BUILD_DIR}/${INFOPLIST_PATH}\"\n";
		};
		4BE140D12B72FC7F0021912C /* ShellScript */ = {
			isa = PBXShellScriptBuildPhase;
			buildActionMask = 2147483647;
			files = (
			);
			inputFileListPaths = (
			);
			inputPaths = (
			);
			outputFileListPaths = (
			);
			outputPaths = (
			);
			runOnlyForDeploymentPostprocessing = 0;
			shellPath = /bin/sh;
			shellScript = "# バージョン\n/usr/libexec/PlistBuddy -c \"Set :PreferenceSpecifiers:1:DefaultValue ${MARKETING_VERSION}\" \"${BUILT_PRODUCTS_DIR}/${WRAPPER_NAME}/Settings.bundle/Root.plist\"\n";
		};
/* End PBXShellScriptBuildPhase section */

/* Begin PBXSourcesBuildPhase section */
		4B3235072B28189200523803 /* Sources */ = {
			isa = PBXSourcesBuildPhase;
			buildActionMask = 2147483647;
			files = (
				4B3235132B28189300523803 /* birthdayStudentsBundle.swift in Sources */,
				4B32351C2B28189500523803 /* birthdayStudents.intentdefinition in Sources */,
				4B3235172B28189300523803 /* birthdayStudents.swift in Sources */,
			);
			runOnlyForDeploymentPostprocessing = 0;
		};
		4BE4893C2B0DC49B000992B0 /* Sources */ = {
			isa = PBXSourcesBuildPhase;
			buildActionMask = 2147483647;
			files = (
				4BCC532B2B1DC50100EE2682 /* CharacterMorePage.swift in Sources */,
				4BDC673B2B85689800940EBD /* CustomSlider.swift in Sources */,
				4BE4895A2B0DE9E3000992B0 /* CharacterSelect.swift in Sources */,
				4BE0603F2B4FC0B3006DF278 /* Setting.swift in Sources */,
				4BFC77D62BCF3F470069B248 /* CharacterSkill.swift in Sources */,
				4BB8FE282B1710E200946B70 /* CustomImageView.swift in Sources */,
				4B9ED6BD2B6766F600E5A29E /* CustomTextView.swift in Sources */,
				4BE489582B0DD638000992B0 /* CustomButton.swift in Sources */,
				4BE489482B0DC49B000992B0 /* ViewController.swift in Sources */,
				4BE060412B4FD320006DF278 /* SettingCharacterSelect.swift in Sources */,
				4BDC67332B7D861A00940EBD /* CharacterStatusMore.swift in Sources */,
				4BB8FE242B16FD8300946B70 /* CustomLabel.swift in Sources */,
				4BB8FE202B15B8E700946B70 /* CharacterInfo.swift in Sources */,
				4B39DE482C7F0C03008E8DC3 /* CharacterGear.swift in Sources */,
				4BE489442B0DC49B000992B0 /* AppDelegate.swift in Sources */,
				4BCC532F2B1F118400EE2682 /* VoiceCell.swift in Sources */,
				4B2528362BE9A0C5006F83B2 /* CharacterWeapon.swift in Sources */,
				4B5FABA32C882A6D0039CA83 /* DownloadFile.swift in Sources */,
				4BE140C42B70C76D0021912C /* CharacterStatus.swift in Sources */,
				4BB31A902C376D0F004659C8 /* LoadFile.swift in Sources */,
				4B39DE4A2C84B608008E8DC3 /* CreateElement.swift in Sources */,
				4BDC67372B7DD95100940EBD /* CharacterStatusDelegate.swift in Sources */,
				4BE489462B0DC49B000992B0 /* SceneDelegate.swift in Sources */,
				4BB8FE2A2B199CD500946B70 /* CharacterProfilePage.swift in Sources */,
				4B2528342BDB9C04006F83B2 /* CharacterWeaponGearPage.swift in Sources */,
				4B39DE462C7EE7DC008E8DC3 /* LoadSkill.swift in Sources */,
				4BDC4B852C492873000C5FB5 /* CharacterWeaponMore.swift in Sources */,
				4B2528382BED935C006F83B2 /* CharacterWeaponStar1.swift in Sources */,
			);
			runOnlyForDeploymentPostprocessing = 0;
		};
/* End PBXSourcesBuildPhase section */

/* Begin PBXTargetDependency section */
		4B32352B2B28422900523803 /* PBXTargetDependency */ = {
			isa = PBXTargetDependency;
			target = 4B32350A2B28189200523803 /* birthdayStudentsExtension */;
			targetProxy = 4B32352A2B28422900523803 /* PBXContainerItemProxy */;
		};
/* End PBXTargetDependency section */

/* Begin PBXVariantGroup section */
		4BE489492B0DC49B000992B0 /* Main.storyboard */ = {
			isa = PBXVariantGroup;
			children = (
				4BE4894A2B0DC49B000992B0 /* Base */,
			);
			name = Main.storyboard;
			sourceTree = "<group>";
		};
		4BE4894E2B0DC49E000992B0 /* LaunchScreen.storyboard */ = {
			isa = PBXVariantGroup;
			children = (
				4BE4894F2B0DC49E000992B0 /* Base */,
			);
			name = LaunchScreen.storyboard;
			sourceTree = "<group>";
		};
/* End PBXVariantGroup section */

/* Begin XCBuildConfiguration section */
		4B3235222B28189500523803 /* Debug */ = {
			isa = XCBuildConfiguration;
			buildSettings = {
				ASSETCATALOG_COMPILER_GLOBAL_ACCENT_COLOR_NAME = AccentColor;
				ASSETCATALOG_COMPILER_WIDGET_BACKGROUND_COLOR_NAME = WidgetBackground;
				CODE_SIGN_STYLE = Automatic;
				CURRENT_PROJECT_VERSION = 1;
				DEVELOPMENT_TEAM = GR736X5QND;
				GENERATE_INFOPLIST_FILE = YES;
				INFOPLIST_FILE = birthdayStudents/Info.plist;
				INFOPLIST_KEY_CFBundleDisplayName = birthdayStudents;
				INFOPLIST_KEY_NSHumanReadableCopyright = "";
				IPHONEOS_DEPLOYMENT_TARGET = 16.1;
				LD_RUNPATH_SEARCH_PATHS = (
					"$(inherited)",
					"@executable_path/Frameworks",
					"@executable_path/../../Frameworks",
				);
				MARKETING_VERSION = 1.0;
				PRODUCT_BUNDLE_IDENTIFIER = com.github.a2288.BlueArchiveDB.birthdayStudents;
				PRODUCT_NAME = "$(TARGET_NAME)";
				SKIP_INSTALL = YES;
				SWIFT_EMIT_LOC_STRINGS = YES;
				SWIFT_VERSION = 5.0;
				TARGETED_DEVICE_FAMILY = "1,2";
			};
			name = Debug;
		};
		4B3235232B28189500523803 /* Release */ = {
			isa = XCBuildConfiguration;
			buildSettings = {
				ASSETCATALOG_COMPILER_GLOBAL_ACCENT_COLOR_NAME = AccentColor;
				ASSETCATALOG_COMPILER_WIDGET_BACKGROUND_COLOR_NAME = WidgetBackground;
				CODE_SIGN_STYLE = Automatic;
				CURRENT_PROJECT_VERSION = 1;
				DEVELOPMENT_TEAM = GR736X5QND;
				GENERATE_INFOPLIST_FILE = YES;
				INFOPLIST_FILE = birthdayStudents/Info.plist;
				INFOPLIST_KEY_CFBundleDisplayName = birthdayStudents;
				INFOPLIST_KEY_NSHumanReadableCopyright = "";
				IPHONEOS_DEPLOYMENT_TARGET = 16.1;
				LD_RUNPATH_SEARCH_PATHS = (
					"$(inherited)",
					"@executable_path/Frameworks",
					"@executable_path/../../Frameworks",
				);
				MARKETING_VERSION = 1.0;
				PRODUCT_BUNDLE_IDENTIFIER = com.github.a2288.BlueArchiveDB.birthdayStudents;
				PRODUCT_NAME = "$(TARGET_NAME)";
				PROVISIONING_PROFILE_SPECIFIER = "";
				SKIP_INSTALL = YES;
				SWIFT_EMIT_LOC_STRINGS = YES;
				SWIFT_VERSION = 5.0;
				TARGETED_DEVICE_FAMILY = "1,2";
			};
			name = Release;
		};
		4BE489522B0DC49E000992B0 /* Debug */ = {
			isa = XCBuildConfiguration;
			buildSettings = {
				ALWAYS_SEARCH_USER_PATHS = NO;
				CLANG_ANALYZER_NONNULL = YES;
				CLANG_ANALYZER_NUMBER_OBJECT_CONVERSION = YES_AGGRESSIVE;
				CLANG_CXX_LANGUAGE_STANDARD = "gnu++20";
				CLANG_ENABLE_MODULES = YES;
				CLANG_ENABLE_OBJC_ARC = YES;
				CLANG_ENABLE_OBJC_WEAK = YES;
				CLANG_WARN_BLOCK_CAPTURE_AUTORELEASING = YES;
				CLANG_WARN_BOOL_CONVERSION = YES;
				CLANG_WARN_COMMA = YES;
				CLANG_WARN_CONSTANT_CONVERSION = YES;
				CLANG_WARN_DEPRECATED_OBJC_IMPLEMENTATIONS = YES;
				CLANG_WARN_DIRECT_OBJC_ISA_USAGE = YES_ERROR;
				CLANG_WARN_DOCUMENTATION_COMMENTS = YES;
				CLANG_WARN_EMPTY_BODY = YES;
				CLANG_WARN_ENUM_CONVERSION = YES;
				CLANG_WARN_INFINITE_RECURSION = YES;
				CLANG_WARN_INT_CONVERSION = YES;
				CLANG_WARN_NON_LITERAL_NULL_CONVERSION = YES;
				CLANG_WARN_OBJC_IMPLICIT_RETAIN_SELF = YES;
				CLANG_WARN_OBJC_LITERAL_CONVERSION = YES;
				CLANG_WARN_OBJC_ROOT_CLASS = YES_ERROR;
				CLANG_WARN_QUOTED_INCLUDE_IN_FRAMEWORK_HEADER = YES;
				CLANG_WARN_RANGE_LOOP_ANALYSIS = YES;
				CLANG_WARN_STRICT_PROTOTYPES = YES;
				CLANG_WARN_SUSPICIOUS_MOVE = YES;
				CLANG_WARN_UNGUARDED_AVAILABILITY = YES_AGGRESSIVE;
				CLANG_WARN_UNREACHABLE_CODE = YES;
				CLANG_WARN__DUPLICATE_METHOD_MATCH = YES;
				COPY_PHASE_STRIP = NO;
				DEBUG_INFORMATION_FORMAT = dwarf;
				ENABLE_STRICT_OBJC_MSGSEND = YES;
				ENABLE_TESTABILITY = YES;
				GCC_C_LANGUAGE_STANDARD = gnu11;
				GCC_DYNAMIC_NO_PIC = NO;
				GCC_NO_COMMON_BLOCKS = YES;
				GCC_OPTIMIZATION_LEVEL = 0;
				GCC_PREPROCESSOR_DEFINITIONS = (
					"DEBUG=1",
					"$(inherited)",
				);
				GCC_WARN_64_TO_32_BIT_CONVERSION = YES;
				GCC_WARN_ABOUT_RETURN_TYPE = YES_ERROR;
				GCC_WARN_UNDECLARED_SELECTOR = YES;
				GCC_WARN_UNINITIALIZED_AUTOS = YES_AGGRESSIVE;
				GCC_WARN_UNUSED_FUNCTION = YES;
				GCC_WARN_UNUSED_VARIABLE = YES;
				IPHONEOS_DEPLOYMENT_TARGET = 16.1;
				MTL_ENABLE_DEBUG_INFO = INCLUDE_SOURCE;
				MTL_FAST_MATH = YES;
				ONLY_ACTIVE_ARCH = YES;
				OTHER_SWIFT_FLAGS = "-Xfrontend -warn-long-expression-type-checking=100 -Xfrontend -warn-long-function-bodies=100";
				SDKROOT = iphoneos;
				SWIFT_ACTIVE_COMPILATION_CONDITIONS = DEBUG;
				SWIFT_OPTIMIZATION_LEVEL = "-Onone";
			};
			name = Debug;
		};
		4BE489532B0DC49E000992B0 /* Release */ = {
			isa = XCBuildConfiguration;
			buildSettings = {
				ALWAYS_SEARCH_USER_PATHS = NO;
				CLANG_ANALYZER_NONNULL = YES;
				CLANG_ANALYZER_NUMBER_OBJECT_CONVERSION = YES_AGGRESSIVE;
				CLANG_CXX_LANGUAGE_STANDARD = "gnu++20";
				CLANG_ENABLE_MODULES = YES;
				CLANG_ENABLE_OBJC_ARC = YES;
				CLANG_ENABLE_OBJC_WEAK = YES;
				CLANG_WARN_BLOCK_CAPTURE_AUTORELEASING = YES;
				CLANG_WARN_BOOL_CONVERSION = YES;
				CLANG_WARN_COMMA = YES;
				CLANG_WARN_CONSTANT_CONVERSION = YES;
				CLANG_WARN_DEPRECATED_OBJC_IMPLEMENTATIONS = YES;
				CLANG_WARN_DIRECT_OBJC_ISA_USAGE = YES_ERROR;
				CLANG_WARN_DOCUMENTATION_COMMENTS = YES;
				CLANG_WARN_EMPTY_BODY = YES;
				CLANG_WARN_ENUM_CONVERSION = YES;
				CLANG_WARN_INFINITE_RECURSION = YES;
				CLANG_WARN_INT_CONVERSION = YES;
				CLANG_WARN_NON_LITERAL_NULL_CONVERSION = YES;
				CLANG_WARN_OBJC_IMPLICIT_RETAIN_SELF = YES;
				CLANG_WARN_OBJC_LITERAL_CONVERSION = YES;
				CLANG_WARN_OBJC_ROOT_CLASS = YES_ERROR;
				CLANG_WARN_QUOTED_INCLUDE_IN_FRAMEWORK_HEADER = YES;
				CLANG_WARN_RANGE_LOOP_ANALYSIS = YES;
				CLANG_WARN_STRICT_PROTOTYPES = YES;
				CLANG_WARN_SUSPICIOUS_MOVE = YES;
				CLANG_WARN_UNGUARDED_AVAILABILITY = YES_AGGRESSIVE;
				CLANG_WARN_UNREACHABLE_CODE = YES;
				CLANG_WARN__DUPLICATE_METHOD_MATCH = YES;
				COPY_PHASE_STRIP = NO;
				DEBUG_INFORMATION_FORMAT = "dwarf-with-dsym";
				ENABLE_NS_ASSERTIONS = NO;
				ENABLE_STRICT_OBJC_MSGSEND = YES;
				GCC_C_LANGUAGE_STANDARD = gnu11;
				GCC_NO_COMMON_BLOCKS = YES;
				GCC_WARN_64_TO_32_BIT_CONVERSION = YES;
				GCC_WARN_ABOUT_RETURN_TYPE = YES_ERROR;
				GCC_WARN_UNDECLARED_SELECTOR = YES;
				GCC_WARN_UNINITIALIZED_AUTOS = YES_AGGRESSIVE;
				GCC_WARN_UNUSED_FUNCTION = YES;
				GCC_WARN_UNUSED_VARIABLE = YES;
				IPHONEOS_DEPLOYMENT_TARGET = 16.1;
				MTL_ENABLE_DEBUG_INFO = NO;
				MTL_FAST_MATH = YES;
				OTHER_SWIFT_FLAGS = "-Xfrontend -warn-long-expression-type-checking=100 -Xfrontend -warn-long-function-bodies=100";
				SDKROOT = iphoneos;
				SWIFT_COMPILATION_MODE = wholemodule;
				SWIFT_OPTIMIZATION_LEVEL = "-O";
				VALIDATE_PRODUCT = YES;
			};
			name = Release;
		};
		4BE489552B0DC49E000992B0 /* Debug */ = {
			isa = XCBuildConfiguration;
			buildSettings = {
				ALWAYS_EMBED_SWIFT_STANDARD_LIBRARIES = YES;
				ASSETCATALOG_COMPILER_APPICON_NAME = AppIcon;
				ASSETCATALOG_COMPILER_GLOBAL_ACCENT_COLOR_NAME = AccentColor;
				CODE_SIGN_IDENTITY = "Apple Development";
				CODE_SIGN_STYLE = Automatic;
				DEVELOPMENT_TEAM = GR736X5QND;
				ENABLE_NS_ASSERTIONS = YES;
				GENERATE_INFOPLIST_FILE = YES;
				INFOPLIST_FILE = BlueArchiveDB/Info.plist;
				INFOPLIST_KEY_CFBundleDisplayName = BlueArchiveDB;
				INFOPLIST_KEY_LSApplicationCategoryType = "public.app-category.games";
				INFOPLIST_KEY_LSSupportsOpeningDocumentsInPlace = YES;
				INFOPLIST_KEY_UIApplicationSupportsIndirectInputEvents = YES;
				INFOPLIST_KEY_UILaunchStoryboardName = LaunchScreen;
				INFOPLIST_KEY_UIMainStoryboardFile = Main;
				INFOPLIST_KEY_UIRequiresFullScreen = YES;
				INFOPLIST_KEY_UIStatusBarStyle = "";
				INFOPLIST_KEY_UISupportedInterfaceOrientations = "UIInterfaceOrientationLandscapeLeft UIInterfaceOrientationLandscapeRight";
				INFOPLIST_PREPROCESS = NO;
				IPHONEOS_DEPLOYMENT_TARGET = 16.1;
				LD_RUNPATH_SEARCH_PATHS = (
					"$(inherited)",
					"@executable_path/Frameworks",
				);
				MARKETING_VERSION = 0.2;
				OTHER_SWIFT_FLAGS = "-Xfrontend -warn-long-expression-type-checking=100";
				PRODUCT_BUNDLE_IDENTIFIER = com.github.a2288.BlueArchiveDB;
				PRODUCT_NAME = "$(TARGET_NAME)";
				PROVISIONING_PROFILE_SPECIFIER = "";
				SUPPORTED_PLATFORMS = "iphoneos iphonesimulator";
				SUPPORTS_MACCATALYST = NO;
				SUPPORTS_MAC_DESIGNED_FOR_IPHONE_IPAD = NO;
				SUPPORTS_XR_DESIGNED_FOR_IPHONE_IPAD = NO;
				SWIFT_EMIT_LOC_STRINGS = YES;
				SWIFT_VERSION = 5.0;
				SWIFT_WHOLE_MODULE_OPTIMIZATION = YES;
				TARGETED_DEVICE_FAMILY = "1,2";
				VERSIONING_SYSTEM = "apple-generic";
			};
			name = Debug;
		};
		4BE489562B0DC49E000992B0 /* Release */ = {
			isa = XCBuildConfiguration;
			buildSettings = {
				ALWAYS_EMBED_SWIFT_STANDARD_LIBRARIES = YES;
				ASSETCATALOG_COMPILER_APPICON_NAME = AppIcon;
				ASSETCATALOG_COMPILER_GLOBAL_ACCENT_COLOR_NAME = AccentColor;
				CODE_SIGN_IDENTITY = "Apple Development";
				CODE_SIGN_STYLE = Automatic;
				DEVELOPMENT_TEAM = GR736X5QND;
				ENABLE_NS_ASSERTIONS = NO;
				GENERATE_INFOPLIST_FILE = YES;
				INFOPLIST_FILE = BlueArchiveDB/Info.plist;
				INFOPLIST_KEY_CFBundleDisplayName = BlueArchiveDB;
				INFOPLIST_KEY_LSApplicationCategoryType = "public.app-category.games";
				INFOPLIST_KEY_LSSupportsOpeningDocumentsInPlace = YES;
				INFOPLIST_KEY_UIApplicationSupportsIndirectInputEvents = YES;
				INFOPLIST_KEY_UILaunchStoryboardName = LaunchScreen;
				INFOPLIST_KEY_UIMainStoryboardFile = Main;
				INFOPLIST_KEY_UIRequiresFullScreen = YES;
				INFOPLIST_KEY_UIStatusBarStyle = "";
				INFOPLIST_KEY_UISupportedInterfaceOrientations = "UIInterfaceOrientationLandscapeLeft UIInterfaceOrientationLandscapeRight";
				INFOPLIST_PREPROCESS = NO;
				IPHONEOS_DEPLOYMENT_TARGET = 16.1;
				LD_RUNPATH_SEARCH_PATHS = (
					"$(inherited)",
					"@executable_path/Frameworks",
				);
				MARKETING_VERSION = 0.2;
				OTHER_SWIFT_FLAGS = "-Xfrontend -warn-long-expression-type-checking=100";
				PRODUCT_BUNDLE_IDENTIFIER = com.github.a2288.BlueArchiveDB;
				PRODUCT_NAME = "$(TARGET_NAME)";
				PROVISIONING_PROFILE_SPECIFIER = "";
				SUPPORTED_PLATFORMS = "iphoneos iphonesimulator";
				SUPPORTS_MACCATALYST = NO;
				SUPPORTS_MAC_DESIGNED_FOR_IPHONE_IPAD = NO;
				SUPPORTS_XR_DESIGNED_FOR_IPHONE_IPAD = NO;
				SWIFT_EMIT_LOC_STRINGS = YES;
				SWIFT_VERSION = 5.0;
				SWIFT_WHOLE_MODULE_OPTIMIZATION = YES;
				TARGETED_DEVICE_FAMILY = "1,2";
				VERSIONING_SYSTEM = "apple-generic";
			};
			name = Release;
		};
/* End XCBuildConfiguration section */

/* Begin XCConfigurationList section */
		4B3235212B28189500523803 /* Build configuration list for PBXNativeTarget "birthdayStudentsExtension" */ = {
			isa = XCConfigurationList;
			buildConfigurations = (
				4B3235222B28189500523803 /* Debug */,
				4B3235232B28189500523803 /* Release */,
			);
			defaultConfigurationIsVisible = 0;
			defaultConfigurationName = Release;
		};
		4BE4893B2B0DC49B000992B0 /* Build configuration list for PBXProject "BlueArchiveDB" */ = {
			isa = XCConfigurationList;
			buildConfigurations = (
				4BE489522B0DC49E000992B0 /* Debug */,
				4BE489532B0DC49E000992B0 /* Release */,
			);
			defaultConfigurationIsVisible = 0;
			defaultConfigurationName = Release;
		};
		4BE489542B0DC49E000992B0 /* Build configuration list for PBXNativeTarget "BlueArchiveDB" */ = {
			isa = XCConfigurationList;
			buildConfigurations = (
				4BE489552B0DC49E000992B0 /* Debug */,
				4BE489562B0DC49E000992B0 /* Release */,
			);
			defaultConfigurationIsVisible = 0;
			defaultConfigurationName = Release;
		};
/* End XCConfigurationList section */

/* Begin XCRemoteSwiftPackageReference section */
		4B9313002C1AE62B0058B93D /* XCRemoteSwiftPackageReference "SwiftFormat" */ = {
			isa = XCRemoteSwiftPackageReference;
			repositoryURL = "https://github.com/nicklockwood/SwiftFormat";
			requirement = {
				kind = upToNextMajorVersion;
				minimumVersion = 0.54.0;
			};
		};
		4B9ED6BE2B67926300E5A29E /* XCRemoteSwiftPackageReference "SwiftSoup" */ = {
			isa = XCRemoteSwiftPackageReference;
			repositoryURL = "https://github.com/scinfu/SwiftSoup";
			requirement = {
				kind = upToNextMajorVersion;
				minimumVersion = 2.0.0;
			};
		};
		4B9ED6C12B68A50300E5A29E /* XCRemoteSwiftPackageReference "Reachability" */ = {
			isa = XCRemoteSwiftPackageReference;
			repositoryURL = "https://github.com/ashleymills/Reachability.swift";
			requirement = {
				branch = master;
				kind = branch;
			};
		};
/* End XCRemoteSwiftPackageReference section */

/* Begin XCSwiftPackageProductDependency section */
		4B9313012C1AE62B0058B93D /* SwiftFormat */ = {
			isa = XCSwiftPackageProductDependency;
			package = 4B9313002C1AE62B0058B93D /* XCRemoteSwiftPackageReference "SwiftFormat" */;
			productName = SwiftFormat;
		};
		4B9ED6BF2B67926300E5A29E /* SwiftSoup */ = {
			isa = XCSwiftPackageProductDependency;
			package = 4B9ED6BE2B67926300E5A29E /* XCRemoteSwiftPackageReference "SwiftSoup" */;
			productName = SwiftSoup;
		};
		4B9ED6C22B68A50300E5A29E /* Reachability */ = {
			isa = XCSwiftPackageProductDependency;
			package = 4B9ED6C12B68A50300E5A29E /* XCRemoteSwiftPackageReference "Reachability" */;
			productName = Reachability;
		};
/* End XCSwiftPackageProductDependency section */
	};
	rootObject = 4BE489382B0DC49B000992B0 /* Project object */;
}
