// !$*UTF8*$!
{
	archiveVersion = 1;
	classes = {
	};
	objectVersion = 56;
	objects = {

/* Begin PBXBuildFile section */
		4BB8FE202B15B8E700946B70 /* CharacterInfo.swift in Sources */ = {isa = PBXBuildFile; fileRef = 4BB8FE1F2B15B8E700946B70 /* CharacterInfo.swift */; };
		4BB8FE242B16FD8300946B70 /* CustomLabel.swift in Sources */ = {isa = PBXBuildFile; fileRef = 4BB8FE232B16FD8300946B70 /* CustomLabel.swift */; };
		4BB8FE282B1710E200946B70 /* CustomImageView.swift in Sources */ = {isa = PBXBuildFile; fileRef = 4BB8FE272B1710E200946B70 /* CustomImageView.swift */; };
		4BB8FE2A2B199CD500946B70 /* CharacterProfilePage.swift in Sources */ = {isa = PBXBuildFile; fileRef = 4BB8FE292B199CD500946B70 /* CharacterProfilePage.swift */; };
		4BCC532B2B1DC50100EE2682 /* CharacterMorePage.swift in Sources */ = {isa = PBXBuildFile; fileRef = 4BCC532A2B1DC50100EE2682 /* CharacterMorePage.swift */; };
		4BCC532F2B1F118400EE2682 /* VoiceCell.swift in Sources */ = {isa = PBXBuildFile; fileRef = 4BCC532E2B1F118400EE2682 /* VoiceCell.swift */; };
		4BCC53332B21854B00EE2682 /* students.json in Resources */ = {isa = PBXBuildFile; fileRef = 4BCC53302B21854A00EE2682 /* students.json */; };
		4BCC53342B21854B00EE2682 /* localization.json in Resources */ = {isa = PBXBuildFile; fileRef = 4BCC53312B21854A00EE2682 /* localization.json */; };
		4BCC53352B21854B00EE2682 /* voice.json in Resources */ = {isa = PBXBuildFile; fileRef = 4BCC53322B21854B00EE2682 /* voice.json */; };
		4BE489442B0DC49B000992B0 /* AppDelegate.swift in Sources */ = {isa = PBXBuildFile; fileRef = 4BE489432B0DC49B000992B0 /* AppDelegate.swift */; };
		4BE489462B0DC49B000992B0 /* SceneDelegate.swift in Sources */ = {isa = PBXBuildFile; fileRef = 4BE489452B0DC49B000992B0 /* SceneDelegate.swift */; };
		4BE489482B0DC49B000992B0 /* ViewController.swift in Sources */ = {isa = PBXBuildFile; fileRef = 4BE489472B0DC49B000992B0 /* ViewController.swift */; };
		4BE4894B2B0DC49B000992B0 /* Main.storyboard in Resources */ = {isa = PBXBuildFile; fileRef = 4BE489492B0DC49B000992B0 /* Main.storyboard */; };
		4BE4894D2B0DC49E000992B0 /* Assets.xcassets in Resources */ = {isa = PBXBuildFile; fileRef = 4BE4894C2B0DC49E000992B0 /* Assets.xcassets */; };
		4BE489502B0DC49E000992B0 /* LaunchScreen.storyboard in Resources */ = {isa = PBXBuildFile; fileRef = 4BE4894E2B0DC49E000992B0 /* LaunchScreen.storyboard */; };
		4BE489582B0DD638000992B0 /* CustomButton.swift in Sources */ = {isa = PBXBuildFile; fileRef = 4BE489572B0DD638000992B0 /* CustomButton.swift */; };
		4BE4895A2B0DE9E3000992B0 /* CharacterSelect.swift in Sources */ = {isa = PBXBuildFile; fileRef = 4BE489592B0DE9E3000992B0 /* CharacterSelect.swift */; };
/* End PBXBuildFile section */

/* Begin PBXFileReference section */
		4BB8FE1F2B15B8E700946B70 /* CharacterInfo.swift */ = {isa = PBXFileReference; lastKnownFileType = sourcecode.swift; path = CharacterInfo.swift; sourceTree = "<group>"; };
		4BB8FE232B16FD8300946B70 /* CustomLabel.swift */ = {isa = PBXFileReference; lastKnownFileType = sourcecode.swift; path = CustomLabel.swift; sourceTree = "<group>"; };
		4BB8FE272B1710E200946B70 /* CustomImageView.swift */ = {isa = PBXFileReference; lastKnownFileType = sourcecode.swift; path = CustomImageView.swift; sourceTree = "<group>"; };
		4BB8FE292B199CD500946B70 /* CharacterProfilePage.swift */ = {isa = PBXFileReference; lastKnownFileType = sourcecode.swift; path = CharacterProfilePage.swift; sourceTree = "<group>"; };
		4BCC532A2B1DC50100EE2682 /* CharacterMorePage.swift */ = {isa = PBXFileReference; lastKnownFileType = sourcecode.swift; path = CharacterMorePage.swift; sourceTree = "<group>"; };
		4BCC532E2B1F118400EE2682 /* VoiceCell.swift */ = {isa = PBXFileReference; lastKnownFileType = sourcecode.swift; path = VoiceCell.swift; sourceTree = "<group>"; };
		4BCC53302B21854A00EE2682 /* students.json */ = {isa = PBXFileReference; fileEncoding = 4; lastKnownFileType = text.json; path = students.json; sourceTree = "<group>"; };
		4BCC53312B21854A00EE2682 /* localization.json */ = {isa = PBXFileReference; fileEncoding = 4; lastKnownFileType = text.json; path = localization.json; sourceTree = "<group>"; };
		4BCC53322B21854B00EE2682 /* voice.json */ = {isa = PBXFileReference; fileEncoding = 4; lastKnownFileType = text.json; path = voice.json; sourceTree = "<group>"; };
		4BE489402B0DC49B000992B0 /* BlueArchiveDB.app */ = {isa = PBXFileReference; explicitFileType = wrapper.application; includeInIndex = 0; path = BlueArchiveDB.app; sourceTree = BUILT_PRODUCTS_DIR; };
		4BE489432B0DC49B000992B0 /* AppDelegate.swift */ = {isa = PBXFileReference; lastKnownFileType = sourcecode.swift; path = AppDelegate.swift; sourceTree = "<group>"; };
		4BE489452B0DC49B000992B0 /* SceneDelegate.swift */ = {isa = PBXFileReference; lastKnownFileType = sourcecode.swift; path = SceneDelegate.swift; sourceTree = "<group>"; };
		4BE489472B0DC49B000992B0 /* ViewController.swift */ = {isa = PBXFileReference; lastKnownFileType = sourcecode.swift; path = ViewController.swift; sourceTree = "<group>"; };
		4BE4894A2B0DC49B000992B0 /* Base */ = {isa = PBXFileReference; lastKnownFileType = file.storyboard; name = Base; path = Base.lproj/Main.storyboard; sourceTree = "<group>"; };
		4BE4894C2B0DC49E000992B0 /* Assets.xcassets */ = {isa = PBXFileReference; lastKnownFileType = folder.assetcatalog; path = Assets.xcassets; sourceTree = "<group>"; };
		4BE4894F2B0DC49E000992B0 /* Base */ = {isa = PBXFileReference; lastKnownFileType = file.storyboard; name = Base; path = Base.lproj/LaunchScreen.storyboard; sourceTree = "<group>"; };
		4BE489512B0DC49E000992B0 /* Info.plist */ = {isa = PBXFileReference; lastKnownFileType = text.plist.xml; path = Info.plist; sourceTree = "<group>"; };
		4BE489572B0DD638000992B0 /* CustomButton.swift */ = {isa = PBXFileReference; lastKnownFileType = sourcecode.swift; path = CustomButton.swift; sourceTree = "<group>"; };
		4BE489592B0DE9E3000992B0 /* CharacterSelect.swift */ = {isa = PBXFileReference; lastKnownFileType = sourcecode.swift; path = CharacterSelect.swift; sourceTree = "<group>"; };
/* End PBXFileReference section */

/* Begin PBXFrameworksBuildPhase section */
		4BE4893D2B0DC49B000992B0 /* Frameworks */ = {
			isa = PBXFrameworksBuildPhase;
			buildActionMask = 2147483647;
			files = (
			);
			runOnlyForDeploymentPostprocessing = 0;
		};
/* End PBXFrameworksBuildPhase section */

/* Begin PBXGroup section */
		4BE489372B0DC49B000992B0 = {
			isa = PBXGroup;
			children = (
				4BE489422B0DC49B000992B0 /* BlueArchiveDB */,
				4BE489412B0DC49B000992B0 /* Products */,
			);
			sourceTree = "<group>";
		};
		4BE489412B0DC49B000992B0 /* Products */ = {
			isa = PBXGroup;
			children = (
				4BE489402B0DC49B000992B0 /* BlueArchiveDB.app */,
			);
			name = Products;
			sourceTree = "<group>";
		};
		4BE489422B0DC49B000992B0 /* BlueArchiveDB */ = {
			isa = PBXGroup;
			children = (
				4BCC532E2B1F118400EE2682 /* VoiceCell.swift */,
				4BE489432B0DC49B000992B0 /* AppDelegate.swift */,
				4BE489452B0DC49B000992B0 /* SceneDelegate.swift */,
				4BE489472B0DC49B000992B0 /* ViewController.swift */,
				4BE489492B0DC49B000992B0 /* Main.storyboard */,
				4BE4894C2B0DC49E000992B0 /* Assets.xcassets */,
				4BE4894E2B0DC49E000992B0 /* LaunchScreen.storyboard */,
				4BE489512B0DC49E000992B0 /* Info.plist */,
				4BE489572B0DD638000992B0 /* CustomButton.swift */,
				4BB8FE232B16FD8300946B70 /* CustomLabel.swift */,
				4BB8FE272B1710E200946B70 /* CustomImageView.swift */,
				4BB8FE1F2B15B8E700946B70 /* CharacterInfo.swift */,
				4BB8FE292B199CD500946B70 /* CharacterProfilePage.swift */,
				4BE489592B0DE9E3000992B0 /* CharacterSelect.swift */,
				4BCC532A2B1DC50100EE2682 /* CharacterMorePage.swift */,
				4BCC53312B21854A00EE2682 /* localization.json */,
				4BCC53302B21854A00EE2682 /* students.json */,
				4BCC53322B21854B00EE2682 /* voice.json */,
			);
			path = BlueArchiveDB;
			sourceTree = "<group>";
		};
/* End PBXGroup section */

/* Begin PBXNativeTarget section */
		4BE4893F2B0DC49B000992B0 /* BlueArchiveDB */ = {
			isa = PBXNativeTarget;
			buildConfigurationList = 4BE489542B0DC49E000992B0 /* Build configuration list for PBXNativeTarget "BlueArchiveDB" */;
			buildPhases = (
				4BE4893C2B0DC49B000992B0 /* Sources */,
				4BE4893D2B0DC49B000992B0 /* Frameworks */,
				4BE4893E2B0DC49B000992B0 /* Resources */,
			);
			buildRules = (
			);
			dependencies = (
			);
			name = BlueArchiveDB;
			productName = "BlueArchive Database";
			productReference = 4BE489402B0DC49B000992B0 /* BlueArchiveDB.app */;
			productType = "com.apple.product-type.application";
		};
/* End PBXNativeTarget section */

/* Begin PBXProject section */
		4BE489382B0DC49B000992B0 /* Project object */ = {
			isa = PBXProject;
			attributes = {
				BuildIndependentTargetsInParallel = 1;
				LastSwiftUpdateCheck = 1430;
				LastUpgradeCheck = 1430;
				TargetAttributes = {
					4BE4893F2B0DC49B000992B0 = {
						CreatedOnToolsVersion = 14.3.1;
					};
				};
			};
			buildConfigurationList = 4BE4893B2B0DC49B000992B0 /* Build configuration list for PBXProject "BlueArchiveDB" */;
			compatibilityVersion = "Xcode 14.0";
			developmentRegion = en;
			hasScannedForEncodings = 0;
			knownRegions = (
				en,
				Base,
			);
			mainGroup = 4BE489372B0DC49B000992B0;
			productRefGroup = 4BE489412B0DC49B000992B0 /* Products */;
			projectDirPath = "";
			projectRoot = "";
			targets = (
				4BE4893F2B0DC49B000992B0 /* BlueArchiveDB */,
			);
		};
/* End PBXProject section */

/* Begin PBXResourcesBuildPhase section */
		4BE4893E2B0DC49B000992B0 /* Resources */ = {
			isa = PBXResourcesBuildPhase;
			buildActionMask = 2147483647;
			files = (
				4BCC53342B21854B00EE2682 /* localization.json in Resources */,
				4BE489502B0DC49E000992B0 /* LaunchScreen.storyboard in Resources */,
				4BE4894D2B0DC49E000992B0 /* Assets.xcassets in Resources */,
				4BE4894B2B0DC49B000992B0 /* Main.storyboard in Resources */,
				4BCC53352B21854B00EE2682 /* voice.json in Resources */,
				4BCC53332B21854B00EE2682 /* students.json in Resources */,
			);
			runOnlyForDeploymentPostprocessing = 0;
		};
/* End PBXResourcesBuildPhase section */

/* Begin PBXSourcesBuildPhase section */
		4BE4893C2B0DC49B000992B0 /* Sources */ = {
			isa = PBXSourcesBuildPhase;
			buildActionMask = 2147483647;
			files = (
				4BCC532B2B1DC50100EE2682 /* CharacterMorePage.swift in Sources */,
				4BE4895A2B0DE9E3000992B0 /* CharacterSelect.swift in Sources */,
				4BB8FE282B1710E200946B70 /* CustomImageView.swift in Sources */,
				4BE489582B0DD638000992B0 /* CustomButton.swift in Sources */,
				4BE489482B0DC49B000992B0 /* ViewController.swift in Sources */,
				4BB8FE242B16FD8300946B70 /* CustomLabel.swift in Sources */,
				4BB8FE202B15B8E700946B70 /* CharacterInfo.swift in Sources */,
				4BE489442B0DC49B000992B0 /* AppDelegate.swift in Sources */,
				4BCC532F2B1F118400EE2682 /* VoiceCell.swift in Sources */,
				4BE489462B0DC49B000992B0 /* SceneDelegate.swift in Sources */,
				4BB8FE2A2B199CD500946B70 /* CharacterProfilePage.swift in Sources */,
			);
			runOnlyForDeploymentPostprocessing = 0;
		};
/* End PBXSourcesBuildPhase section */

/* Begin PBXVariantGroup section */
		4BE489492B0DC49B000992B0 /* Main.storyboard */ = {
			isa = PBXVariantGroup;
			children = (
				4BE4894A2B0DC49B000992B0 /* Base */,
			);
			name = Main.storyboard;
			sourceTree = "<group>";
		};
		4BE4894E2B0DC49E000992B0 /* LaunchScreen.storyboard */ = {
			isa = PBXVariantGroup;
			children = (
				4BE4894F2B0DC49E000992B0 /* Base */,
			);
			name = LaunchScreen.storyboard;
			sourceTree = "<group>";
		};
/* End PBXVariantGroup section */

/* Begin XCBuildConfiguration section */
		4BE489522B0DC49E000992B0 /* Debug */ = {
			isa = XCBuildConfiguration;
			buildSettings = {
				ALWAYS_SEARCH_USER_PATHS = NO;
				CLANG_ANALYZER_NONNULL = YES;
				CLANG_ANALYZER_NUMBER_OBJECT_CONVERSION = YES_AGGRESSIVE;
				CLANG_CXX_LANGUAGE_STANDARD = "gnu++20";
				CLANG_ENABLE_MODULES = YES;
				CLANG_ENABLE_OBJC_ARC = YES;
				CLANG_ENABLE_OBJC_WEAK = YES;
				CLANG_WARN_BLOCK_CAPTURE_AUTORELEASING = YES;
				CLANG_WARN_BOOL_CONVERSION = YES;
				CLANG_WARN_COMMA = YES;
				CLANG_WARN_CONSTANT_CONVERSION = YES;
				CLANG_WARN_DEPRECATED_OBJC_IMPLEMENTATIONS = YES;
				CLANG_WARN_DIRECT_OBJC_ISA_USAGE = YES_ERROR;
				CLANG_WARN_DOCUMENTATION_COMMENTS = YES;
				CLANG_WARN_EMPTY_BODY = YES;
				CLANG_WARN_ENUM_CONVERSION = YES;
				CLANG_WARN_INFINITE_RECURSION = YES;
				CLANG_WARN_INT_CONVERSION = YES;
				CLANG_WARN_NON_LITERAL_NULL_CONVERSION = YES;
				CLANG_WARN_OBJC_IMPLICIT_RETAIN_SELF = YES;
				CLANG_WARN_OBJC_LITERAL_CONVERSION = YES;
				CLANG_WARN_OBJC_ROOT_CLASS = YES_ERROR;
				CLANG_WARN_QUOTED_INCLUDE_IN_FRAMEWORK_HEADER = YES;
				CLANG_WARN_RANGE_LOOP_ANALYSIS = YES;
				CLANG_WARN_STRICT_PROTOTYPES = YES;
				CLANG_WARN_SUSPICIOUS_MOVE = YES;
				CLANG_WARN_UNGUARDED_AVAILABILITY = YES_AGGRESSIVE;
				CLANG_WARN_UNREACHABLE_CODE = YES;
				CLANG_WARN__DUPLICATE_METHOD_MATCH = YES;
				COPY_PHASE_STRIP = NO;
				DEBUG_INFORMATION_FORMAT = dwarf;
				ENABLE_STRICT_OBJC_MSGSEND = YES;
				ENABLE_TESTABILITY = YES;
				GCC_C_LANGUAGE_STANDARD = gnu11;
				GCC_DYNAMIC_NO_PIC = NO;
				GCC_NO_COMMON_BLOCKS = YES;
				GCC_OPTIMIZATION_LEVEL = 0;
				GCC_PREPROCESSOR_DEFINITIONS = (
					"DEBUG=1",
					"$(inherited)",
				);
				GCC_WARN_64_TO_32_BIT_CONVERSION = YES;
				GCC_WARN_ABOUT_RETURN_TYPE = YES_ERROR;
				GCC_WARN_UNDECLARED_SELECTOR = YES;
				GCC_WARN_UNINITIALIZED_AUTOS = YES_AGGRESSIVE;
				GCC_WARN_UNUSED_FUNCTION = YES;
				GCC_WARN_UNUSED_VARIABLE = YES;
				IPHONEOS_DEPLOYMENT_TARGET = 16.1;
				MTL_ENABLE_DEBUG_INFO = INCLUDE_SOURCE;
				MTL_FAST_MATH = YES;
				ONLY_ACTIVE_ARCH = YES;
				SDKROOT = iphoneos;
				SWIFT_ACTIVE_COMPILATION_CONDITIONS = DEBUG;
				SWIFT_OPTIMIZATION_LEVEL = "-Onone";
			};
			name = Debug;
		};
		4BE489532B0DC49E000992B0 /* Release */ = {
			isa = XCBuildConfiguration;
			buildSettings = {
				ALWAYS_SEARCH_USER_PATHS = NO;
				CLANG_ANALYZER_NONNULL = YES;
				CLANG_ANALYZER_NUMBER_OBJECT_CONVERSION = YES_AGGRESSIVE;
				CLANG_CXX_LANGUAGE_STANDARD = "gnu++20";
				CLANG_ENABLE_MODULES = YES;
				CLANG_ENABLE_OBJC_ARC = YES;
				CLANG_ENABLE_OBJC_WEAK = YES;
				CLANG_WARN_BLOCK_CAPTURE_AUTORELEASING = YES;
				CLANG_WARN_BOOL_CONVERSION = YES;
				CLANG_WARN_COMMA = YES;
				CLANG_WARN_CONSTANT_CONVERSION = YES;
				CLANG_WARN_DEPRECATED_OBJC_IMPLEMENTATIONS = YES;
				CLANG_WARN_DIRECT_OBJC_ISA_USAGE = YES_ERROR;
				CLANG_WARN_DOCUMENTATION_COMMENTS = YES;
				CLANG_WARN_EMPTY_BODY = YES;
				CLANG_WARN_ENUM_CONVERSION = YES;
				CLANG_WARN_INFINITE_RECURSION = YES;
				CLANG_WARN_INT_CONVERSION = YES;
				CLANG_WARN_NON_LITERAL_NULL_CONVERSION = YES;
				CLANG_WARN_OBJC_IMPLICIT_RETAIN_SELF = YES;
				CLANG_WARN_OBJC_LITERAL_CONVERSION = YES;
				CLANG_WARN_OBJC_ROOT_CLASS = YES_ERROR;
				CLANG_WARN_QUOTED_INCLUDE_IN_FRAMEWORK_HEADER = YES;
				CLANG_WARN_RANGE_LOOP_ANALYSIS = YES;
				CLANG_WARN_STRICT_PROTOTYPES = YES;
				CLANG_WARN_SUSPICIOUS_MOVE = YES;
				CLANG_WARN_UNGUARDED_AVAILABILITY = YES_AGGRESSIVE;
				CLANG_WARN_UNREACHABLE_CODE = YES;
				CLANG_WARN__DUPLICATE_METHOD_MATCH = YES;
				COPY_PHASE_STRIP = NO;
				DEBUG_INFORMATION_FORMAT = "dwarf-with-dsym";
				ENABLE_NS_ASSERTIONS = NO;
				ENABLE_STRICT_OBJC_MSGSEND = YES;
				GCC_C_LANGUAGE_STANDARD = gnu11;
				GCC_NO_COMMON_BLOCKS = YES;
				GCC_WARN_64_TO_32_BIT_CONVERSION = YES;
				GCC_WARN_ABOUT_RETURN_TYPE = YES_ERROR;
				GCC_WARN_UNDECLARED_SELECTOR = YES;
				GCC_WARN_UNINITIALIZED_AUTOS = YES_AGGRESSIVE;
				GCC_WARN_UNUSED_FUNCTION = YES;
				GCC_WARN_UNUSED_VARIABLE = YES;
				IPHONEOS_DEPLOYMENT_TARGET = 16.1;
				MTL_ENABLE_DEBUG_INFO = NO;
				MTL_FAST_MATH = YES;
				SDKROOT = iphoneos;
				SWIFT_COMPILATION_MODE = wholemodule;
				SWIFT_OPTIMIZATION_LEVEL = "-O";
				VALIDATE_PRODUCT = YES;
			};
			name = Release;
		};
		4BE489552B0DC49E000992B0 /* Debug */ = {
			isa = XCBuildConfiguration;
			buildSettings = {
				ASSETCATALOG_COMPILER_APPICON_NAME = AppIcon;
				ASSETCATALOG_COMPILER_GLOBAL_ACCENT_COLOR_NAME = AccentColor;
				CODE_SIGN_STYLE = Automatic;
				CURRENT_PROJECT_VERSION = 3;
				DEVELOPMENT_TEAM = GR736X5QND;
				GENERATE_INFOPLIST_FILE = YES;
				INFOPLIST_FILE = BlueArchiveDB/Info.plist;
				INFOPLIST_KEY_CFBundleDisplayName = BlueArchiveDB;
				INFOPLIST_KEY_LSApplicationCategoryType = "public.app-category.games";
				INFOPLIST_KEY_UIApplicationSupportsIndirectInputEvents = YES;
				INFOPLIST_KEY_UILaunchStoryboardName = LaunchScreen;
				INFOPLIST_KEY_UIMainStoryboardFile = Main;
				INFOPLIST_KEY_UIRequiresFullScreen = YES;
				INFOPLIST_KEY_UIStatusBarStyle = "";
				INFOPLIST_KEY_UISupportedInterfaceOrientations = "UIInterfaceOrientationLandscapeLeft UIInterfaceOrientationLandscapeRight";
				IPHONEOS_DEPLOYMENT_TARGET = 16.1;
				LD_RUNPATH_SEARCH_PATHS = (
					"$(inherited)",
					"@executable_path/Frameworks",
				);
				MARKETING_VERSION = 0.1.3;
				PRODUCT_BUNDLE_IDENTIFIER = "com.github.2288-256.BlueArchiveDB";
				PRODUCT_NAME = "$(TARGET_NAME)";
				SWIFT_EMIT_LOC_STRINGS = YES;
				SWIFT_VERSION = 5.0;
				TARGETED_DEVICE_FAMILY = "1,2";
				VERSIONING_SYSTEM = "apple-generic";
			};
			name = Debug;
		};
		4BE489562B0DC49E000992B0 /* Release */ = {
			isa = XCBuildConfiguration;
			buildSettings = {
				ASSETCATALOG_COMPILER_APPICON_NAME = AppIcon;
				ASSETCATALOG_COMPILER_GLOBAL_ACCENT_COLOR_NAME = AccentColor;
				CODE_SIGN_STYLE = Automatic;
				CURRENT_PROJECT_VERSION = 3;
				DEVELOPMENT_TEAM = GR736X5QND;
				GENERATE_INFOPLIST_FILE = YES;
				INFOPLIST_FILE = BlueArchiveDB/Info.plist;
				INFOPLIST_KEY_CFBundleDisplayName = BlueArchiveDB;
				INFOPLIST_KEY_LSApplicationCategoryType = "public.app-category.games";
				INFOPLIST_KEY_UIApplicationSupportsIndirectInputEvents = YES;
				INFOPLIST_KEY_UILaunchStoryboardName = LaunchScreen;
				INFOPLIST_KEY_UIMainStoryboardFile = Main;
				INFOPLIST_KEY_UIRequiresFullScreen = YES;
				INFOPLIST_KEY_UIStatusBarStyle = "";
				INFOPLIST_KEY_UISupportedInterfaceOrientations = "UIInterfaceOrientationLandscapeLeft UIInterfaceOrientationLandscapeRight";
				IPHONEOS_DEPLOYMENT_TARGET = 16.1;
				LD_RUNPATH_SEARCH_PATHS = (
					"$(inherited)",
					"@executable_path/Frameworks",
				);
				MARKETING_VERSION = 0.1.3;
				PRODUCT_BUNDLE_IDENTIFIER = "com.github.2288-256.BlueArchiveDB";
				PRODUCT_NAME = "$(TARGET_NAME)";
				SWIFT_EMIT_LOC_STRINGS = YES;
				SWIFT_VERSION = 5.0;
				TARGETED_DEVICE_FAMILY = "1,2";
				VERSIONING_SYSTEM = "apple-generic";
			};
			name = Release;
		};
/* End XCBuildConfiguration section */

/* Begin XCConfigurationList section */
		4BE4893B2B0DC49B000992B0 /* Build configuration list for PBXProject "BlueArchiveDB" */ = {
			isa = XCConfigurationList;
			buildConfigurations = (
				4BE489522B0DC49E000992B0 /* Debug */,
				4BE489532B0DC49E000992B0 /* Release */,
			);
			defaultConfigurationIsVisible = 0;
			defaultConfigurationName = Release;
		};
		4BE489542B0DC49E000992B0 /* Build configuration list for PBXNativeTarget "BlueArchiveDB" */ = {
			isa = XCConfigurationList;
			buildConfigurations = (
				4BE489552B0DC49E000992B0 /* Debug */,
				4BE489562B0DC49E000992B0 /* Release */,
			);
			defaultConfigurationIsVisible = 0;
			defaultConfigurationName = Release;
		};
/* End XCConfigurationList section */
	};
	rootObject = 4BE489382B0DC49B000992B0 /* Project object */;
}
